
Microsoft Visual Studio Solution File, Format Version 12.00
# Visual Studio Version 16
VisualStudioVersion = 16.0.30804.86
MinimumVisualStudioVersion = 10.0.40219.1
Project("{E24C65DC-7377-472B-9ABA-BC803B73C61A}") = "WCFService1", ".", "{3CA7CF98-8E26-4E6E-B512-1B02A039802B}"
	ProjectSection(WebsiteProperties) = preProject
		TargetFrameworkMoniker = ".NETFramework,Version%3Dv4.7.2"
		Debug.AspNetCompiler.VirtualPath = "/localhost_51748"
		Debug.AspNetCompiler.PhysicalPath = "..\WCFService1\"
		Debug.AspNetCompiler.TargetPath = "PrecompiledWeb\localhost_51748\"
		Debug.AspNetCompiler.Updateable = "true"
		Debug.AspNetCompiler.ForceOverwrite = "true"
		Debug.AspNetCompiler.FixedNames = "false"
		Debug.AspNetCompiler.Debug = "True"
		Release.AspNetCompiler.VirtualPath = "/localhost_51748"
		Release.AspNetCompiler.PhysicalPath = "..\WCFService1\"
		Release.AspNetCompiler.TargetPath = "PrecompiledWeb\localhost_51748\"
		Release.AspNetCompiler.Updateable = "true"
		Release.AspNetCompiler.ForceOverwrite = "true"
		Release.AspNetCompiler.FixedNames = "false"
		Release.AspNetCompiler.Debug = "False"
		VWDPort = "51748"
		SlnRelativePath = "..\WCFService1\"
		DefaultWebSiteLanguage = "Visual C#"
	EndProjectSection
EndProject
Global
	GlobalSection(SolutionConfigurationPlatforms) = preSolution
		Debug|Any CPU = Debug|Any CPU
	EndGlobalSection
	GlobalSection(ProjectConfigurationPlatforms) = postSolution
		{3CA7CF98-8E26-4E6E-B512-1B02A039802B}.Debug|Any CPU.ActiveCfg = Debug|Any CPU
		{3CA7CF98-8E26-4E6E-B512-1B02A039802B}.Debug|Any CPU.Build.0 = Debug|Any CPU
	EndGlobalSection
	GlobalSection(SolutionProperties) = preSolution
		HideSolutionNode = FALSE
	EndGlobalSection
	GlobalSection(ExtensibilityGlobals) = postSolution
		SolutionGuid = {C31BFCBE-7279-4E2D-B347-262E0140F3C8}
	EndGlobalSection
EndGlobal
